
Microsoft Visual Studio Solution File, Format Version 12.00
# Visual Studio Version 16
VisualStudioVersion = 16.0.30503.244
MinimumVisualStudioVersion = 10.0.40219.1
Project("{FAE04EC0-301F-11D3-BF4B-00C04F79EFBC}") = "Shotgun", "Shotgun\Shotgun.csproj", "{0D815C5B-A2FF-40CF-A7DE-DC46AD0B41DB}"
EndProject
Global
	GlobalSection(SolutionConfigurationPlatforms) = preSolution
		Debug|Any CPU = Debug|Any CPU
		Release|Any CPU = Release|Any CPU
	EndGlobalSection
	GlobalSection(ProjectConfigurationPlatforms) = postSolution
		{0D815C5B-A2FF-40CF-A7DE-DC46AD0B41DB}.Debug|Any CPU.ActiveCfg = Debug|Any CPU
		{0D815C5B-A2FF-40CF-A7DE-DC46AD0B41DB}.Debug|Any CPU.Build.0 = Debug|Any CPU
		{0D815C5B-A2FF-40CF-A7DE-DC46AD0B41DB}.Release|Any CPU.ActiveCfg = Release|Any CPU
		{0D815C5B-A2FF-40CF-A7DE-DC46AD0B41DB}.Release|Any CPU.Build.0 = Release|Any CPU
	EndGlobalSection
	GlobalSection(SolutionProperties) = preSolution
		HideSolutionNode = FALSE
	EndGlobalSection
	GlobalSection(ExtensibilityGlobals) = postSolution
		SolutionGuid = {641A05DF-866B-4539-8F65-3E420931C004}
	EndGlobalSection
EndGlobal
